
Microsoft Visual Studio Solution File, Format Version 12.00
# Visual Studio Version 17
VisualStudioVersion = 17.13.35825.156 d17.13
MinimumVisualStudioVersion = 10.0.40219.1
Project("{FAE04EC0-301F-11D3-BF4B-00C04F79EFBC}") = "CookBook", "CookBook\CookBook.csproj", "{3E45595E-9679-4DE6-8574-94F665640E86}"
EndProject
Global
	GlobalSection(SolutionConfigurationPlatforms) = preSolution
		Debug|Any CPU = Debug|Any CPU
		Release|Any CPU = Release|Any CPU
	EndGlobalSection
	GlobalSection(ProjectConfigurationPlatforms) = postSolution
		{3E45595E-9679-4DE6-8574-94F665640E86}.Debug|Any CPU.ActiveCfg = Debug|Any CPU
		{3E45595E-9679-4DE6-8574-94F665640E86}.Debug|Any CPU.Build.0 = Debug|Any CPU
		{3E45595E-9679-4DE6-8574-94F665640E86}.Release|Any CPU.ActiveCfg = Release|Any CPU
		{3E45595E-9679-4DE6-8574-94F665640E86}.Release|Any CPU.Build.0 = Release|Any CPU
	EndGlobalSection
	GlobalSection(SolutionProperties) = preSolution
		HideSolutionNode = FALSE
	EndGlobalSection
	GlobalSection(ExtensibilityGlobals) = postSolution
		SolutionGuid = {A2F85EE9-CA57-4AF4-849A-5330421EF758}
	EndGlobalSection
EndGlobal
